
Microsoft Visual Studio Solution File, Format Version 11.00
# Visual C# Express 2010
Project("{FAE04EC0-301F-11D3-BF4B-00C04F79EFBC}") = "Pokemon_main", "Pokemon_main\Pokemon_main.csproj", "{BBA28EA7-CF6F-4504-AA19-5468DCF84556}"
EndProject
Global
	GlobalSection(SolutionConfigurationPlatforms) = preSolution
		Debug|Any CPU = Debug|Any CPU
		Release|Any CPU = Release|Any CPU
	EndGlobalSection
	GlobalSection(ProjectConfigurationPlatforms) = postSolution
		{BBA28EA7-CF6F-4504-AA19-5468DCF84556}.Debug|Any CPU.ActiveCfg = Debug|Any CPU
		{BBA28EA7-CF6F-4504-AA19-5468DCF84556}.Debug|Any CPU.Build.0 = Debug|Any CPU
		{BBA28EA7-CF6F-4504-AA19-5468DCF84556}.Release|Any CPU.ActiveCfg = Release|Any CPU
		{BBA28EA7-CF6F-4504-AA19-5468DCF84556}.Release|Any CPU.Build.0 = Release|Any CPU
	EndGlobalSection
	GlobalSection(SolutionProperties) = preSolution
		HideSolutionNode = FALSE
	EndGlobalSection
EndGlobal
