
Microsoft Visual Studio Solution File, Format Version 11.00
# Visual Studio 2010
Project("{FAE04EC0-301F-11D3-BF4B-00C04F79EFBC}") = "IAPL_Engine", "IAPL_Engine\IAPL_Engine\IAPL_Engine.csproj", "{B643B91E-3345-49BC-9F4F-FFC83B9CD6A1}"
EndProject
Project("{FAE04EC0-301F-11D3-BF4B-00C04F79EFBC}") = "IAPL_EngineContent", "IAPL_Engine\IAPL_EngineContent\IAPL_EngineContent.contentproj", "{9E15C3A1-6162-4441-B595-90B258E20EC0}"
EndProject
Project("{F184B08F-C81C-45F6-A57F-5ABD9991F28F}") = "Map", "Map\Map.vbproj", "{D93171E3-FEA3-4E31-B729-22429FED9321}"
EndProject
Project("{F184B08F-C81C-45F6-A57F-5ABD9991F28F}") = "MapTest", "MapTest\MapTest.vbproj", "{EF73068D-2AB5-482B-B2DE-7A0789CB012E}"
EndProject
Project("{F184B08F-C81C-45F6-A57F-5ABD9991F28F}") = "Pokemon", "Pokemon\Pokemon.vbproj", "{7C1F5C48-8BFC-47EB-A40D-FBE576A82CF3}"
EndProject
Global
	GlobalSection(SolutionConfigurationPlatforms) = preSolution
		Debug|Any CPU = Debug|Any CPU
		Debug|Mixed Platforms = Debug|Mixed Platforms
		Debug|x86 = Debug|x86
		Release|Any CPU = Release|Any CPU
		Release|Mixed Platforms = Release|Mixed Platforms
		Release|x86 = Release|x86
	EndGlobalSection
	GlobalSection(ProjectConfigurationPlatforms) = postSolution
		{B643B91E-3345-49BC-9F4F-FFC83B9CD6A1}.Debug|Any CPU.ActiveCfg = Debug|x86
		{B643B91E-3345-49BC-9F4F-FFC83B9CD6A1}.Debug|Mixed Platforms.ActiveCfg = Debug|x86
		{B643B91E-3345-49BC-9F4F-FFC83B9CD6A1}.Debug|Mixed Platforms.Build.0 = Debug|x86
		{B643B91E-3345-49BC-9F4F-FFC83B9CD6A1}.Debug|x86.ActiveCfg = Debug|x86
		{B643B91E-3345-49BC-9F4F-FFC83B9CD6A1}.Debug|x86.Build.0 = Debug|x86
		{B643B91E-3345-49BC-9F4F-FFC83B9CD6A1}.Release|Any CPU.ActiveCfg = Release|x86
		{B643B91E-3345-49BC-9F4F-FFC83B9CD6A1}.Release|Mixed Platforms.ActiveCfg = Release|x86
		{B643B91E-3345-49BC-9F4F-FFC83B9CD6A1}.Release|Mixed Platforms.Build.0 = Release|x86
		{B643B91E-3345-49BC-9F4F-FFC83B9CD6A1}.Release|x86.ActiveCfg = Release|x86
		{B643B91E-3345-49BC-9F4F-FFC83B9CD6A1}.Release|x86.Build.0 = Release|x86
		{9E15C3A1-6162-4441-B595-90B258E20EC0}.Debug|Any CPU.ActiveCfg = Debug|x86
		{9E15C3A1-6162-4441-B595-90B258E20EC0}.Debug|Mixed Platforms.ActiveCfg = Debug|x86
		{9E15C3A1-6162-4441-B595-90B258E20EC0}.Debug|x86.ActiveCfg = Debug|x86
		{9E15C3A1-6162-4441-B595-90B258E20EC0}.Release|Any CPU.ActiveCfg = Release|x86
		{9E15C3A1-6162-4441-B595-90B258E20EC0}.Release|Mixed Platforms.ActiveCfg = Release|x86
		{9E15C3A1-6162-4441-B595-90B258E20EC0}.Release|x86.ActiveCfg = Release|x86
		{D93171E3-FEA3-4E31-B729-22429FED9321}.Debug|Any CPU.ActiveCfg = Debug|Any CPU
		{D93171E3-FEA3-4E31-B729-22429FED9321}.Debug|Any CPU.Build.0 = Debug|Any CPU
		{D93171E3-FEA3-4E31-B729-22429FED9321}.Debug|Mixed Platforms.ActiveCfg = Debug|Any CPU
		{D93171E3-FEA3-4E31-B729-22429FED9321}.Debug|Mixed Platforms.Build.0 = Debug|Any CPU
		{D93171E3-FEA3-4E31-B729-22429FED9321}.Debug|x86.ActiveCfg = Debug|Any CPU
		{D93171E3-FEA3-4E31-B729-22429FED9321}.Release|Any CPU.ActiveCfg = Release|Any CPU
		{D93171E3-FEA3-4E31-B729-22429FED9321}.Release|Any CPU.Build.0 = Release|Any CPU
		{D93171E3-FEA3-4E31-B729-22429FED9321}.Release|Mixed Platforms.ActiveCfg = Release|Any CPU
		{D93171E3-FEA3-4E31-B729-22429FED9321}.Release|Mixed Platforms.Build.0 = Release|Any CPU
		{D93171E3-FEA3-4E31-B729-22429FED9321}.Release|x86.ActiveCfg = Release|Any CPU
		{EF73068D-2AB5-482B-B2DE-7A0789CB012E}.Debug|Any CPU.ActiveCfg = Debug|x86
		{EF73068D-2AB5-482B-B2DE-7A0789CB012E}.Debug|Mixed Platforms.ActiveCfg = Debug|x86
		{EF73068D-2AB5-482B-B2DE-7A0789CB012E}.Debug|Mixed Platforms.Build.0 = Debug|x86
		{EF73068D-2AB5-482B-B2DE-7A0789CB012E}.Debug|x86.ActiveCfg = Debug|x86
		{EF73068D-2AB5-482B-B2DE-7A0789CB012E}.Debug|x86.Build.0 = Debug|x86
		{EF73068D-2AB5-482B-B2DE-7A0789CB012E}.Release|Any CPU.ActiveCfg = Release|x86
		{EF73068D-2AB5-482B-B2DE-7A0789CB012E}.Release|Mixed Platforms.ActiveCfg = Release|x86
		{EF73068D-2AB5-482B-B2DE-7A0789CB012E}.Release|Mixed Platforms.Build.0 = Release|x86
		{EF73068D-2AB5-482B-B2DE-7A0789CB012E}.Release|x86.ActiveCfg = Release|x86
		{EF73068D-2AB5-482B-B2DE-7A0789CB012E}.Release|x86.Build.0 = Release|x86
		{7C1F5C48-8BFC-47EB-A40D-FBE576A82CF3}.Debug|Any CPU.ActiveCfg = Debug|Any CPU
		{7C1F5C48-8BFC-47EB-A40D-FBE576A82CF3}.Debug|Any CPU.Build.0 = Debug|Any CPU
		{7C1F5C48-8BFC-47EB-A40D-FBE576A82CF3}.Debug|Mixed Platforms.ActiveCfg = Debug|Any CPU
		{7C1F5C48-8BFC-47EB-A40D-FBE576A82CF3}.Debug|Mixed Platforms.Build.0 = Debug|Any CPU
		{7C1F5C48-8BFC-47EB-A40D-FBE576A82CF3}.Debug|x86.ActiveCfg = Debug|Any CPU
		{7C1F5C48-8BFC-47EB-A40D-FBE576A82CF3}.Release|Any CPU.ActiveCfg = Release|Any CPU
		{7C1F5C48-8BFC-47EB-A40D-FBE576A82CF3}.Release|Any CPU.Build.0 = Release|Any CPU
		{7C1F5C48-8BFC-47EB-A40D-FBE576A82CF3}.Release|Mixed Platforms.ActiveCfg = Release|Any CPU
		{7C1F5C48-8BFC-47EB-A40D-FBE576A82CF3}.Release|Mixed Platforms.Build.0 = Release|Any CPU
		{7C1F5C48-8BFC-47EB-A40D-FBE576A82CF3}.Release|x86.ActiveCfg = Release|Any CPU
	EndGlobalSection
	GlobalSection(SolutionProperties) = preSolution
		HideSolutionNode = FALSE
	EndGlobalSection
EndGlobal
